
Microsoft Visual Studio Solution File, Format Version 12.00
# Visual Studio 15
VisualStudioVersion = 15.0.28307.1321
MinimumVisualStudioVersion = 10.0.40219.1
Project("{FAE04EC0-301F-11D3-BF4B-00C04F79EFBC}") = "StokTakip", "StokTakip\StokTakip.csproj", "{FB633121-BE71-448F-BD05-24767462386A}"
EndProject
Global
	GlobalSection(SolutionConfigurationPlatforms) = preSolution
		Debug|Any CPU = Debug|Any CPU
		Release|Any CPU = Release|Any CPU
	EndGlobalSection
	GlobalSection(ProjectConfigurationPlatforms) = postSolution
		{FB633121-BE71-448F-BD05-24767462386A}.Debug|Any CPU.ActiveCfg = Debug|Any CPU
		{FB633121-BE71-448F-BD05-24767462386A}.Debug|Any CPU.Build.0 = Debug|Any CPU
		{FB633121-BE71-448F-BD05-24767462386A}.Release|Any CPU.ActiveCfg = Release|Any CPU
		{FB633121-BE71-448F-BD05-24767462386A}.Release|Any CPU.Build.0 = Release|Any CPU
	EndGlobalSection
	GlobalSection(SolutionProperties) = preSolution
		HideSolutionNode = FALSE
	EndGlobalSection
	GlobalSection(ExtensibilityGlobals) = postSolution
		SolutionGuid = {B9E60DBF-F6FD-485C-BCC0-4F6DBCBD7439}
	EndGlobalSection
EndGlobal
